PODS:
  - AppAuth (1.4.0):
    - AppAuth/Core (= 1.4.0)
    - AppAuth/ExternalUserAgent (= 1.4.0)
  - AppAuth/Core (1.4.0)
  - AppAuth/ExternalUserAgent (1.4.0)
  - CocoaLumberjack/Core (3.7.0)
  - CocoaLumberjack/Swift (3.7.0):
    - CocoaLumberjack/Core
  - Firebase/CoreOnly (7.8.1):
    - FirebaseCore (= 7.8.0)
  - Firebase/Crashlytics (7.8.1):
    - Firebase/CoreOnly
    - FirebaseCrashlytics (~> 7.8.0)
  - FirebaseCore (7.8.0):
    - FirebaseCoreDiagnostics (~> 7.4)
    - GoogleUtilities/Environment (~> 7.0)
    - GoogleUtilities/Logger (~> 7.0)
  - FirebaseCoreDiagnostics (7.8.0):
    - GoogleDataTransport (~> 8.0)
    - GoogleUtilities/Environment (~> 7.0)
    - GoogleUtilities/Logger (~> 7.0)
    - nanopb (~> 2.30907.0)
  - FirebaseCrashlytics (7.8.0):
    - FirebaseCore (~> 7.0)
    - FirebaseInstallations (~> 7.0)
    - GoogleDataTransport (~> 8.0)
    - nanopb (~> 2.30907.0)
    - PromisesObjC (~> 1.2)
  - FirebaseInstallations (7.8.0):
    - FirebaseCore (~> 7.0)
    - GoogleUtilities/Environment (~> 7.0)
    - GoogleUtilities/UserDefaults (~> 7.0)
    - PromisesObjC (~> 1.2)
  - GoogleDataTransport (8.3.0):
    - GoogleUtilities/Environment (~> 7.2)
    - nanopb (~> 2.30907.0)
    - PromisesObjC (~> 1.2)
  - GoogleUtilities/Environment (7.3.1):
    - PromisesObjC (~> 1.2)
  - GoogleUtilities/Logger (7.3.1):
    - GoogleUtilities/Environment
  - GoogleUtilities/UserDefaults (7.3.1):
    - GoogleUtilities/Logger
  - lottie-ios (3.2.1)
  - MBProgressHUD (1.2.0)
  - nanopb (2.30907.0):
    - nanopb/decode (= 2.30907.0)
    - nanopb/encode (= 2.30907.0)
  - nanopb/decode (2.30907.0)
  - nanopb/encode (2.30907.0)
  - OHHTTPStubs/Core (9.1.0)
  - OHHTTPStubs/Default (9.1.0):
    - OHHTTPStubs/Core
    - OHHTTPStubs/JSON
    - OHHTTPStubs/NSURLSession
    - OHHTTPStubs/OHPathHelpers
  - OHHTTPStubs/JSON (9.1.0):
    - OHHTTPStubs/Core
  - OHHTTPStubs/NSURLSession (9.1.0):
    - OHHTTPStubs/Core
  - OHHTTPStubs/OHPathHelpers (9.1.0)
  - OHHTTPStubs/Swift (9.1.0):
    - OHHTTPStubs/Default
  - PromisesObjC (1.2.12)
  - ViewControllerPresentationSpy (5.0.0)

DEPENDENCIES:
  - AppAuth (= 1.4.0)
  - CocoaLumberjack/Swift (= 3.7.0)
  - Firebase/Crashlytics
  - lottie-ios (= 3.2.1)
  - MBProgressHUD (= 1.2.0)
  - OHHTTPStubs/Swift (= 9.1.0)
  - ViewControllerPresentationSpy (~> 5.0)

SPEC REPOS:
  trunk:
    - AppAuth
    - CocoaLumberjack
    - Firebase
    - FirebaseCore
    - FirebaseCoreDiagnostics
    - FirebaseCrashlytics
    - FirebaseInstallations
    - GoogleDataTransport
    - GoogleUtilities
    - lottie-ios
    - MBProgressHUD
    - nanopb
    - OHHTTPStubs
    - PromisesObjC
    - ViewControllerPresentationSpy

SPEC CHECKSUMS:
  AppAuth: 31bcec809a638d7bd2f86ea8a52bd45f6e81e7c7
  CocoaLumberjack: e8955b9d337ac307103b0a34fd141c32f27e53c5
  Firebase: d59ad4129167f9f0d2a4f6c1f0c462254b6002c8
  FirebaseCore: 049029df3096e5c118917029be7da75ee16f3b1b
  FirebaseCoreDiagnostics: 066f996579cf097bdad3d7dc9a918d6b9e129c50
  FirebaseCrashlytics: d07e61d85aabc7d38a68f94ff99995f8557ea8d0
  FirebaseInstallations: 7f7ed0e7e27fb51f57291e1876e2ddb1524126c1
  GoogleDataTransport: b006084b73915a42c28a3466961a4edda3065da6
  GoogleUtilities: e1d9ed4e544fc32a93e00e721400cbc3f377200d
  lottie-ios: 106e92eaf11fbed0a76590b4cdb9b5ec26123ff7
  MBProgressHUD: 3ee5efcc380f6a79a7cc9b363dd669c5e1ae7406
  nanopb: 59221d7f958fb711001e6a449489542d92ae113e
  OHHTTPStubs: 90eac6d8f2c18317baeca36698523dc67c513831
  PromisesObjC: 3113f7f76903778cf4a0586bd1ab89329a0b7b97
  ViewControllerPresentationSpy: 7cfa8ef8ec9fa197ea58ee6e9ac72bbe5442281b

PODFILE CHECKSUM: 47e78982426dbb90f15664ed698b0a6dcb81b905

COCOAPODS: 1.10.1
